
Microsoft Visual Studio Solution File, Format Version 11.00
# Visual Studio 2010
Project("{FAE04EC0-301F-11D3-BF4B-00C04F79EFBC}") = "Assembly-CSharp", "Assembly-CSharp.csproj", "{F3CA8B68-83A9-10AB-25E5-6DEDADEF0737}"
EndProject
Project("{FAE04EC0-301F-11D3-BF4B-00C04F79EFBC}") = "Assembly-CSharp-firstpass", "Assembly-CSharp-firstpass.csproj", "{FBB12E36-23A5-B197-69AA-E3BFC63B37CF}"
EndProject
Global
	GlobalSection(SolutionConfigurationPlatforms) = preSolution
		Debug|Any CPU = Debug|Any CPU
		Release|Any CPU = Release|Any CPU
	EndGlobalSection
	GlobalSection(ProjectConfigurationPlatforms) = postSolution
		{F3CA8B68-83A9-10AB-25E5-6DEDADEF0737}.Debug|Any CPU.ActiveCfg = Debug|Any CPU
		{F3CA8B68-83A9-10AB-25E5-6DEDADEF0737}.Debug|Any CPU.Build.0 = Debug|Any CPU
		{F3CA8B68-83A9-10AB-25E5-6DEDADEF0737}.Release|Any CPU.ActiveCfg = Release|Any CPU
		{F3CA8B68-83A9-10AB-25E5-6DEDADEF0737}.Release|Any CPU.Build.0 = Release|Any CPU
		{FBB12E36-23A5-B197-69AA-E3BFC63B37CF}.Debug|Any CPU.ActiveCfg = Debug|Any CPU
		{FBB12E36-23A5-B197-69AA-E3BFC63B37CF}.Debug|Any CPU.Build.0 = Debug|Any CPU
		{FBB12E36-23A5-B197-69AA-E3BFC63B37CF}.Release|Any CPU.ActiveCfg = Release|Any CPU
		{FBB12E36-23A5-B197-69AA-E3BFC63B37CF}.Release|Any CPU.Build.0 = Release|Any CPU
	EndGlobalSection
	GlobalSection(SolutionProperties) = preSolution
		HideSolutionNode = FALSE
	EndGlobalSection
	GlobalSection(MonoDevelopProperties) = preSolution
		StartupItem = Assembly-CSharp.csproj
	EndGlobalSection
EndGlobal
